
Microsoft Visual Studio Solution File, Format Version 12.00
# Visual Studio Version 17
VisualStudioVersion = 17.4.33103.184
MinimumVisualStudioVersion = 10.0.40219.1
Project("{FAE04EC0-301F-11D3-BF4B-00C04F79EFBC}") = "20520944_TH3", "20520944_TH3.csproj", "{1515D459-0A35-4D5F-954E-8F74A05A4190}"
EndProject
Global
	GlobalSection(SolutionConfigurationPlatforms) = preSolution
		Debug|Any CPU = Debug|Any CPU
		Release|Any CPU = Release|Any CPU
	EndGlobalSection
	GlobalSection(ProjectConfigurationPlatforms) = postSolution
		{1515D459-0A35-4D5F-954E-8F74A05A4190}.Debug|Any CPU.ActiveCfg = Debug|Any CPU
		{1515D459-0A35-4D5F-954E-8F74A05A4190}.Debug|Any CPU.Build.0 = Debug|Any CPU
		{1515D459-0A35-4D5F-954E-8F74A05A4190}.Release|Any CPU.ActiveCfg = Release|Any CPU
		{1515D459-0A35-4D5F-954E-8F74A05A4190}.Release|Any CPU.Build.0 = Release|Any CPU
	EndGlobalSection
	GlobalSection(SolutionProperties) = preSolution
		HideSolutionNode = FALSE
	EndGlobalSection
	GlobalSection(ExtensibilityGlobals) = postSolution
		SolutionGuid = {4595CFBC-6E46-4463-B608-6A7B83A5137A}
	EndGlobalSection
EndGlobal
